{
  "name": "introjs",
  "lockfileVersion": 3,
  "requires": true,
  "packages": {
    "": {
      "dependencies": {
        "intro.js": "^7.0.1"
      }
    },
    "node_modules/intro.js": {
      "version": "7.0.1",
      "resolved": "https://registry.npmjs.org/intro.js/-/intro.js-7.0.1.tgz",
      "integrity": "sha512-1oqz6aOz9cGQ3CrtVYhCSo6AkjnXUn302kcIWLaZ3TI4kKssRXDwDSz4VRoGcfC1jN+WfaSJXRBrITz+QVEBzg=="
    }
  }
}
